
Microsoft Visual Studio Solution File, Format Version 12.00
# Visual Studio Version 17
VisualStudioVersion = 17.5.002.0
MinimumVisualStudioVersion = 10.0.40219.1
Project("{9A19103F-16F7-4668-BE54-9A1E7A4F7556}") = "csDemo", "csDemo.csproj", "{B2DFF872-6451-4ECB-AFDF-5EB90545EB2D}"
EndProject
Global
	GlobalSection(SolutionConfigurationPlatforms) = preSolution
		Debug|Any CPU = Debug|Any CPU
		Release|Any CPU = Release|Any CPU
	EndGlobalSection
	GlobalSection(ProjectConfigurationPlatforms) = postSolution
		{B2DFF872-6451-4ECB-AFDF-5EB90545EB2D}.Debug|Any CPU.ActiveCfg = Debug|Any CPU
		{B2DFF872-6451-4ECB-AFDF-5EB90545EB2D}.Debug|Any CPU.Build.0 = Debug|Any CPU
		{B2DFF872-6451-4ECB-AFDF-5EB90545EB2D}.Release|Any CPU.ActiveCfg = Release|Any CPU
		{B2DFF872-6451-4ECB-AFDF-5EB90545EB2D}.Release|Any CPU.Build.0 = Release|Any CPU
	EndGlobalSection
	GlobalSection(SolutionProperties) = preSolution
		HideSolutionNode = FALSE
	EndGlobalSection
	GlobalSection(ExtensibilityGlobals) = postSolution
		SolutionGuid = {D59629C4-7DAD-4528-81BA-68330E3FFA17}
	EndGlobalSection
EndGlobal
